
Microsoft Visual Studio Solution File, Format Version 12.00
Project("{FAE04EC0-301F-11D3-BF4B-00C04F79EFBC}") = "war-card-game-csharp", "war-card-game-csharp.csproj", "{C603F0F4-AD85-4DAF-A0A3-BEC672A88F42}"
EndProject
Global
	GlobalSection(SolutionConfigurationPlatforms) = preSolution
		Debug|Any CPU = Debug|Any CPU
		Release|Any CPU = Release|Any CPU
	EndGlobalSection
	GlobalSection(ProjectConfigurationPlatforms) = postSolution
		{C603F0F4-AD85-4DAF-A0A3-BEC672A88F42}.Debug|Any CPU.ActiveCfg = Debug|Any CPU
		{C603F0F4-AD85-4DAF-A0A3-BEC672A88F42}.Debug|Any CPU.Build.0 = Debug|Any CPU
		{C603F0F4-AD85-4DAF-A0A3-BEC672A88F42}.Release|Any CPU.ActiveCfg = Release|Any CPU
		{C603F0F4-AD85-4DAF-A0A3-BEC672A88F42}.Release|Any CPU.Build.0 = Release|Any CPU
	EndGlobalSection
EndGlobal
